{
  "name": "szn-select-button",
  "version": "0.0.0",
  "lockfileVersion": 1,
  "requires": true,
  "dependencies": {
    "@jurca/szn-elements": {
      "version": "0.0.4",
      "resolved": "https://registry.npmjs.org/@jurca/szn-elements/-/szn-elements-0.0.4.tgz",
      "integrity": "sha512-WbaDAuhh8nClsi9qZOgt0ALFa3AEvDmwaIVYY5KhEHRAF2NDcSi7lOP6oQt+PXFN/S1ua3lMuHvpaT0SoSTAyw=="
    }
  }
}
